
Microsoft Visual Studio Solution File, Format Version 12.00
# Visual Studio 15
VisualStudioVersion = 15.0.27130.2024
MinimumVisualStudioVersion = 10.0.40219.1
Project("{FAE04EC0-301F-11D3-BF4B-00C04F79EFBC}") = "Magazyn", "WcfService3\Magazyn.csproj", "{7AAC0CEC-D03E-4A0A-B8F6-67811F8B2FB3}"
EndProject
Project("{FAE04EC0-301F-11D3-BF4B-00C04F79EFBC}") = "KlasyMagazyn", "Utwor\KlasyMagazyn.csproj", "{19F55F60-A9BE-4F5C-AC20-2CB65A6E245D}"
EndProject
Project("{FAE04EC0-301F-11D3-BF4B-00C04F79EFBC}") = "WebApplication1", "WebApplication1\WebApplication1.csproj", "{DEB42DAA-FA19-4D1F-8C0D-215947432037}"
	ProjectSection(ProjectDependencies) = postProject
		{7AAC0CEC-D03E-4A0A-B8F6-67811F8B2FB3} = {7AAC0CEC-D03E-4A0A-B8F6-67811F8B2FB3}
	EndProjectSection
EndProject
Project("{FAE04EC0-301F-11D3-BF4B-00C04F79EFBC}") = "WebApplication1.Tests", "WebApplication1.Tests\WebApplication1.Tests.csproj", "{ADD097BF-FBBC-4C0E-8F9B-3E21EB032742}"
EndProject
Project("{FAE04EC0-301F-11D3-BF4B-00C04F79EFBC}") = "TestyJednostkowe", "TestyJednostkowe\TestyJednostkowe.csproj", "{3D665043-5539-4DE8-9793-EC905F20ED6A}"
EndProject
Global
	GlobalSection(SolutionConfigurationPlatforms) = preSolution
		Debug|Any CPU = Debug|Any CPU
		Release|Any CPU = Release|Any CPU
	EndGlobalSection
	GlobalSection(ProjectConfigurationPlatforms) = postSolution
		{7AAC0CEC-D03E-4A0A-B8F6-67811F8B2FB3}.Debug|Any CPU.ActiveCfg = Debug|Any CPU
		{7AAC0CEC-D03E-4A0A-B8F6-67811F8B2FB3}.Debug|Any CPU.Build.0 = Debug|Any CPU
		{7AAC0CEC-D03E-4A0A-B8F6-67811F8B2FB3}.Release|Any CPU.ActiveCfg = Release|Any CPU
		{7AAC0CEC-D03E-4A0A-B8F6-67811F8B2FB3}.Release|Any CPU.Build.0 = Release|Any CPU
		{19F55F60-A9BE-4F5C-AC20-2CB65A6E245D}.Debug|Any CPU.ActiveCfg = Debug|Any CPU
		{19F55F60-A9BE-4F5C-AC20-2CB65A6E245D}.Debug|Any CPU.Build.0 = Debug|Any CPU
		{19F55F60-A9BE-4F5C-AC20-2CB65A6E245D}.Release|Any CPU.ActiveCfg = Release|Any CPU
		{19F55F60-A9BE-4F5C-AC20-2CB65A6E245D}.Release|Any CPU.Build.0 = Release|Any CPU
		{DEB42DAA-FA19-4D1F-8C0D-215947432037}.Debug|Any CPU.ActiveCfg = Debug|Any CPU
		{DEB42DAA-FA19-4D1F-8C0D-215947432037}.Debug|Any CPU.Build.0 = Debug|Any CPU
		{DEB42DAA-FA19-4D1F-8C0D-215947432037}.Release|Any CPU.ActiveCfg = Release|Any CPU
		{DEB42DAA-FA19-4D1F-8C0D-215947432037}.Release|Any CPU.Build.0 = Release|Any CPU
		{ADD097BF-FBBC-4C0E-8F9B-3E21EB032742}.Debug|Any CPU.ActiveCfg = Debug|Any CPU
		{ADD097BF-FBBC-4C0E-8F9B-3E21EB032742}.Debug|Any CPU.Build.0 = Debug|Any CPU
		{ADD097BF-FBBC-4C0E-8F9B-3E21EB032742}.Release|Any CPU.ActiveCfg = Release|Any CPU
		{ADD097BF-FBBC-4C0E-8F9B-3E21EB032742}.Release|Any CPU.Build.0 = Release|Any CPU
		{3D665043-5539-4DE8-9793-EC905F20ED6A}.Debug|Any CPU.ActiveCfg = Debug|Any CPU
		{3D665043-5539-4DE8-9793-EC905F20ED6A}.Debug|Any CPU.Build.0 = Debug|Any CPU
		{3D665043-5539-4DE8-9793-EC905F20ED6A}.Release|Any CPU.ActiveCfg = Release|Any CPU
		{3D665043-5539-4DE8-9793-EC905F20ED6A}.Release|Any CPU.Build.0 = Release|Any CPU
	EndGlobalSection
	GlobalSection(SolutionProperties) = preSolution
		HideSolutionNode = FALSE
	EndGlobalSection
	GlobalSection(ExtensibilityGlobals) = postSolution
		SolutionGuid = {AC562382-97B9-409F-9D3C-5EC7F8916BB5}
	EndGlobalSection
EndGlobal
